
Microsoft Visual Studio Solution File, Format Version 12.00
# Visual Studio 15
VisualStudioVersion = 15.0.28010.2016
MinimumVisualStudioVersion = 10.0.40219.1
Project("{FAE04EC0-301F-11D3-BF4B-00C04F79EFBC}") = "Prize task", "Prize task\Prize task.csproj", "{0C953610-B95A-4FE5-8599-C6906783791E}"
EndProject
Global
	GlobalSection(SolutionConfigurationPlatforms) = preSolution
		Debug|Any CPU = Debug|Any CPU
		Release|Any CPU = Release|Any CPU
	EndGlobalSection
	GlobalSection(ProjectConfigurationPlatforms) = postSolution
		{0C953610-B95A-4FE5-8599-C6906783791E}.Debug|Any CPU.ActiveCfg = Debug|Any CPU
		{0C953610-B95A-4FE5-8599-C6906783791E}.Debug|Any CPU.Build.0 = Debug|Any CPU
		{0C953610-B95A-4FE5-8599-C6906783791E}.Release|Any CPU.ActiveCfg = Release|Any CPU
		{0C953610-B95A-4FE5-8599-C6906783791E}.Release|Any CPU.Build.0 = Release|Any CPU
	EndGlobalSection
	GlobalSection(SolutionProperties) = preSolution
		HideSolutionNode = FALSE
	EndGlobalSection
	GlobalSection(ExtensibilityGlobals) = postSolution
		SolutionGuid = {F3D9F603-6596-44DB-89EB-59433884A311}
	EndGlobalSection
EndGlobal
