
Microsoft Visual Studio Solution File, Format Version 12.00
# Visual Studio 15
VisualStudioVersion = 15.0.28010.2016
MinimumVisualStudioVersion = 10.0.40219.1
Project("{FAE04EC0-301F-11D3-BF4B-00C04F79EFBC}") = "Condition task 1", "Condition task 1\Condition task 1.csproj", "{BEA7FAF3-1F3C-44DA-A257-5825EB2BFD57}"
EndProject
Global
	GlobalSection(SolutionConfigurationPlatforms) = preSolution
		Debug|Any CPU = Debug|Any CPU
		Release|Any CPU = Release|Any CPU
	EndGlobalSection
	GlobalSection(ProjectConfigurationPlatforms) = postSolution
		{BEA7FAF3-1F3C-44DA-A257-5825EB2BFD57}.Debug|Any CPU.ActiveCfg = Debug|Any CPU
		{BEA7FAF3-1F3C-44DA-A257-5825EB2BFD57}.Debug|Any CPU.Build.0 = Debug|Any CPU
		{BEA7FAF3-1F3C-44DA-A257-5825EB2BFD57}.Release|Any CPU.ActiveCfg = Release|Any CPU
		{BEA7FAF3-1F3C-44DA-A257-5825EB2BFD57}.Release|Any CPU.Build.0 = Release|Any CPU
	EndGlobalSection
	GlobalSection(SolutionProperties) = preSolution
		HideSolutionNode = FALSE
	EndGlobalSection
	GlobalSection(ExtensibilityGlobals) = postSolution
		SolutionGuid = {FB63CFA2-63AD-49E3-BB63-C69C0341F02F}
	EndGlobalSection
EndGlobal
